
Microsoft Visual Studio Solution File, Format Version 12.00
# Visual Studio Version 17
VisualStudioVersion = 17.0.32014.148
MinimumVisualStudioVersion = 10.0.40219.1
Project("{9A19103F-16F7-4668-BE54-9A1E7A4F7556}") = "OnionScript", "src\OnionScript\OnionScript.csproj", "{532F3D37-D5F6-4CEF-8A14-33FEED8ACB52}"
EndProject
Project("{9A19103F-16F7-4668-BE54-9A1E7A4F7556}") = "OnionScript.Compiler", "src\OnionScript.Compiler\OnionScript.Compiler.csproj", "{757721B3-A887-40EE-93AA-39C3AC0B826F}"
EndProject
Project("{9A19103F-16F7-4668-BE54-9A1E7A4F7556}") = "OnionScript.Tests", "src\Tests\OnionScript.Tests.csproj", "{DE31273F-B028-447C-83AA-D28789E83C8E}"
EndProject
Global
	GlobalSection(SolutionConfigurationPlatforms) = preSolution
		Debug|Any CPU = Debug|Any CPU
		Release|Any CPU = Release|Any CPU
	EndGlobalSection
	GlobalSection(ProjectConfigurationPlatforms) = postSolution
		{532F3D37-D5F6-4CEF-8A14-33FEED8ACB52}.Debug|Any CPU.ActiveCfg = Debug|Any CPU
		{532F3D37-D5F6-4CEF-8A14-33FEED8ACB52}.Debug|Any CPU.Build.0 = Debug|Any CPU
		{532F3D37-D5F6-4CEF-8A14-33FEED8ACB52}.Release|Any CPU.ActiveCfg = Release|Any CPU
		{532F3D37-D5F6-4CEF-8A14-33FEED8ACB52}.Release|Any CPU.Build.0 = Release|Any CPU
		{757721B3-A887-40EE-93AA-39C3AC0B826F}.Debug|Any CPU.ActiveCfg = Debug|Any CPU
		{757721B3-A887-40EE-93AA-39C3AC0B826F}.Debug|Any CPU.Build.0 = Debug|Any CPU
		{757721B3-A887-40EE-93AA-39C3AC0B826F}.Release|Any CPU.ActiveCfg = Release|Any CPU
		{757721B3-A887-40EE-93AA-39C3AC0B826F}.Release|Any CPU.Build.0 = Release|Any CPU
		{DE31273F-B028-447C-83AA-D28789E83C8E}.Debug|Any CPU.ActiveCfg = Debug|Any CPU
		{DE31273F-B028-447C-83AA-D28789E83C8E}.Debug|Any CPU.Build.0 = Debug|Any CPU
		{DE31273F-B028-447C-83AA-D28789E83C8E}.Release|Any CPU.ActiveCfg = Release|Any CPU
		{DE31273F-B028-447C-83AA-D28789E83C8E}.Release|Any CPU.Build.0 = Release|Any CPU
	EndGlobalSection
	GlobalSection(SolutionProperties) = preSolution
		HideSolutionNode = FALSE
	EndGlobalSection
	GlobalSection(ExtensibilityGlobals) = postSolution
		SolutionGuid = {84C27688-7D9F-41D4-B3C4-6C85576074D2}
	EndGlobalSection
EndGlobal
